
Microsoft Visual Studio Solution File, Format Version 12.00
# Visual Studio Version 17
VisualStudioVersion = 17.9.34728.123
MinimumVisualStudioVersion = 10.0.40219.1
Project("{FAE04EC0-301F-11D3-BF4B-00C04F79EFBC}") = "VivatUiTests", "VivatUiTests.csproj", "{D8ACC0BA-8D4C-4EF1-87CD-E6B2C0CDA80F}"
EndProject
Global
	GlobalSection(SolutionConfigurationPlatforms) = preSolution
		Debug|Any CPU = Debug|Any CPU
		Release|Any CPU = Release|Any CPU
	EndGlobalSection
	GlobalSection(ProjectConfigurationPlatforms) = postSolution
		{D8ACC0BA-8D4C-4EF1-87CD-E6B2C0CDA80F}.Debug|Any CPU.ActiveCfg = Debug|Any CPU
		{D8ACC0BA-8D4C-4EF1-87CD-E6B2C0CDA80F}.Debug|Any CPU.Build.0 = Debug|Any CPU
		{D8ACC0BA-8D4C-4EF1-87CD-E6B2C0CDA80F}.Release|Any CPU.ActiveCfg = Release|Any CPU
		{D8ACC0BA-8D4C-4EF1-87CD-E6B2C0CDA80F}.Release|Any CPU.Build.0 = Release|Any CPU
	EndGlobalSection
	GlobalSection(SolutionProperties) = preSolution
		HideSolutionNode = FALSE
	EndGlobalSection
	GlobalSection(ExtensibilityGlobals) = postSolution
		SolutionGuid = {EFB7C8E3-4A07-4CB8-8760-F9F62CCC2984}
	EndGlobalSection
EndGlobal
